
Microsoft Visual Studio Solution File, Format Version 12.00
# Visual Studio Version 16
VisualStudioVersion = 16.0.30907.101
MinimumVisualStudioVersion = 10.0.40219.1
Project("{FAE04EC0-301F-11D3-BF4B-00C04F79EFBC}") = "RevitUtils", "RevitUtils\RevitUtils.csproj", "{5FF084EE-E25B-47EE-A2D8-0735C20CAB4F}"
EndProject
Project("{FAE04EC0-301F-11D3-BF4B-00C04F79EFBC}") = "RevitRibbonExample", "RevitRibbonExample\RevitRibbonExample.csproj", "{11B8A369-5D1E-4BE4-8FD0-C2EE8BC54C7F}"
EndProject
Global
	GlobalSection(SolutionConfigurationPlatforms) = preSolution
		Debug|Any CPU = Debug|Any CPU
		Release|Any CPU = Release|Any CPU
	EndGlobalSection
	GlobalSection(ProjectConfigurationPlatforms) = postSolution
		{5FF084EE-E25B-47EE-A2D8-0735C20CAB4F}.Debug|Any CPU.ActiveCfg = Debug|Any CPU
		{5FF084EE-E25B-47EE-A2D8-0735C20CAB4F}.Debug|Any CPU.Build.0 = Debug|Any CPU
		{5FF084EE-E25B-47EE-A2D8-0735C20CAB4F}.Release|Any CPU.ActiveCfg = Release|Any CPU
		{5FF084EE-E25B-47EE-A2D8-0735C20CAB4F}.Release|Any CPU.Build.0 = Release|Any CPU
		{11B8A369-5D1E-4BE4-8FD0-C2EE8BC54C7F}.Debug|Any CPU.ActiveCfg = Debug|Any CPU
		{11B8A369-5D1E-4BE4-8FD0-C2EE8BC54C7F}.Debug|Any CPU.Build.0 = Debug|Any CPU
		{11B8A369-5D1E-4BE4-8FD0-C2EE8BC54C7F}.Release|Any CPU.ActiveCfg = Release|Any CPU
		{11B8A369-5D1E-4BE4-8FD0-C2EE8BC54C7F}.Release|Any CPU.Build.0 = Release|Any CPU
	EndGlobalSection
	GlobalSection(SolutionProperties) = preSolution
		HideSolutionNode = FALSE
	EndGlobalSection
	GlobalSection(ExtensibilityGlobals) = postSolution
		SolutionGuid = {1CC879A9-BB26-434A-89D9-2E2D7AE9EA3F}
	EndGlobalSection
EndGlobal
